
Microsoft Visual Studio Solution File, Format Version 12.00
# Visual Studio Version 17
VisualStudioVersion = 17.14.36202.13 d17.14
MinimumVisualStudioVersion = 10.0.40219.1
Project("{FAE04EC0-301F-11D3-BF4B-00C04F79EFBC}") = "CurrencyUpdaterService.Worker", "CurrencyUpdaterService.Worker\CurrencyUpdaterService.Worker.csproj", "{B721C365-ECE2-4C34-BC09-17ABA7664F39}"
EndProject
Project("{2150E333-8FDC-42A3-9474-1A3956D46DE8}") = "CurrencyUpdaterService", "CurrencyUpdaterService", "{29C2B407-10C2-4D86-ABB2-2B47B08B67DC}"
EndProject
Project("{FAE04EC0-301F-11D3-BF4B-00C04F79EFBC}") = "CurrencyUpdaterService.Infrastructure", "CurrencyUpdaterService.Infrastructure\CurrencyUpdaterService.Infrastructure.csproj", "{B2E621BF-9565-4508-9149-CCF5F0684DB2}"
EndProject
Project("{FAE04EC0-301F-11D3-BF4B-00C04F79EFBC}") = "CurrencyUpdaterService.Domain", "CurrencyUpdaterService.Domain\CurrencyUpdaterService.Domain.csproj", "{593A86E5-D880-4B48-BA20-E48F6CC6120B}"
EndProject
Project("{FAE04EC0-301F-11D3-BF4B-00C04F79EFBC}") = "CurrencyUpdaterService.Application", "CurrencyUpdaterService.Application\CurrencyUpdaterService.Application.csproj", "{B50A7F48-B636-4A33-B2AA-30E5FCF1074A}"
EndProject
Project("{2150E333-8FDC-42A3-9474-1A3956D46DE8}") = "MigrationsService", "MigrationsService", "{4C55AF8F-EDBA-4613-A4AF-FCF5F8FEDDAC}"
EndProject
Project("{FAE04EC0-301F-11D3-BF4B-00C04F79EFBC}") = "MigrationsService.Domain", "MigrationsService.Domain\MigrationsService.Domain.csproj", "{33E2B0AD-5FD7-4D8C-A214-BCB180F9FC2C}"
EndProject
Project("{FAE04EC0-301F-11D3-BF4B-00C04F79EFBC}") = "MigrationsService.Infrastructure", "MigrationsService.Infrastructure\MigrationsService.Infrastructure.csproj", "{A1FF6EEF-61B4-41CC-A43B-5D95543FD511}"
EndProject
Project("{FAE04EC0-301F-11D3-BF4B-00C04F79EFBC}") = "MigrationsService.Api", "MigrationsService.Api\MigrationsService.Api.csproj", "{EBC84BC2-DBB8-48EB-B336-C7968B4FFBBC}"
EndProject
Project("{2150E333-8FDC-42A3-9474-1A3956D46DE8}") = "Solution Items", "Solution Items", "{C02CE41E-4559-4CF8-BD0C-07F142B07B8D}"
	ProjectSection(SolutionItems) = preProject
		compose.yaml = compose.yaml
	EndProjectSection
EndProject
Project("{2150E333-8FDC-42A3-9474-1A3956D46DE8}") = "UserService", "UserService", "{DD510FF3-DA83-4279-8B20-669B776BDC54}"
EndProject
Project("{FAE04EC0-301F-11D3-BF4B-00C04F79EFBC}") = "UserService.Domain", "UserService.Domain\UserService.Domain.csproj", "{11E48057-BFA5-4AB7-942A-A8701D5D7335}"
EndProject
Project("{FAE04EC0-301F-11D3-BF4B-00C04F79EFBC}") = "UserService.Application", "UserService.Application\UserService.Application.csproj", "{FFB54656-FA16-4C49-95AD-1D8312D37270}"
EndProject
Project("{FAE04EC0-301F-11D3-BF4B-00C04F79EFBC}") = "UserService.Api", "UserService.Api\UserService.Api.csproj", "{598D86DB-3054-4489-BFD3-22DE5D644940}"
EndProject
Project("{FAE04EC0-301F-11D3-BF4B-00C04F79EFBC}") = "UserService.Infrastructure", "UserService.Infrastructure\UserService.Infrastructure.csproj", "{44E8EC5C-8271-4510-8CF2-04E6630AB4A5}"
EndProject
Project("{2150E333-8FDC-42A3-9474-1A3956D46DE8}") = "CurrencyService", "CurrencyService", "{442A9265-0721-430F-8358-917EE8C913DA}"
EndProject
Project("{FAE04EC0-301F-11D3-BF4B-00C04F79EFBC}") = "CurrencyService.Domain", "CurrencyService.Domain\CurrencyService.Domain.csproj", "{1B2EFBA7-C834-4C11-880B-C8B251CA96C8}"
EndProject
Global
	GlobalSection(SolutionConfigurationPlatforms) = preSolution
		Debug|Any CPU = Debug|Any CPU
		Release|Any CPU = Release|Any CPU
	EndGlobalSection
	GlobalSection(ProjectConfigurationPlatforms) = postSolution
		{B721C365-ECE2-4C34-BC09-17ABA7664F39}.Debug|Any CPU.ActiveCfg = Debug|Any CPU
		{B721C365-ECE2-4C34-BC09-17ABA7664F39}.Debug|Any CPU.Build.0 = Debug|Any CPU
		{B721C365-ECE2-4C34-BC09-17ABA7664F39}.Release|Any CPU.ActiveCfg = Release|Any CPU
		{B721C365-ECE2-4C34-BC09-17ABA7664F39}.Release|Any CPU.Build.0 = Release|Any CPU
		{B2E621BF-9565-4508-9149-CCF5F0684DB2}.Debug|Any CPU.ActiveCfg = Debug|Any CPU
		{B2E621BF-9565-4508-9149-CCF5F0684DB2}.Debug|Any CPU.Build.0 = Debug|Any CPU
		{B2E621BF-9565-4508-9149-CCF5F0684DB2}.Release|Any CPU.ActiveCfg = Release|Any CPU
		{B2E621BF-9565-4508-9149-CCF5F0684DB2}.Release|Any CPU.Build.0 = Release|Any CPU
		{593A86E5-D880-4B48-BA20-E48F6CC6120B}.Debug|Any CPU.ActiveCfg = Debug|Any CPU
		{593A86E5-D880-4B48-BA20-E48F6CC6120B}.Debug|Any CPU.Build.0 = Debug|Any CPU
		{593A86E5-D880-4B48-BA20-E48F6CC6120B}.Release|Any CPU.ActiveCfg = Release|Any CPU
		{593A86E5-D880-4B48-BA20-E48F6CC6120B}.Release|Any CPU.Build.0 = Release|Any CPU
		{B50A7F48-B636-4A33-B2AA-30E5FCF1074A}.Debug|Any CPU.ActiveCfg = Debug|Any CPU
		{B50A7F48-B636-4A33-B2AA-30E5FCF1074A}.Debug|Any CPU.Build.0 = Debug|Any CPU
		{B50A7F48-B636-4A33-B2AA-30E5FCF1074A}.Release|Any CPU.ActiveCfg = Release|Any CPU
		{B50A7F48-B636-4A33-B2AA-30E5FCF1074A}.Release|Any CPU.Build.0 = Release|Any CPU
		{33E2B0AD-5FD7-4D8C-A214-BCB180F9FC2C}.Debug|Any CPU.ActiveCfg = Debug|Any CPU
		{33E2B0AD-5FD7-4D8C-A214-BCB180F9FC2C}.Debug|Any CPU.Build.0 = Debug|Any CPU
		{33E2B0AD-5FD7-4D8C-A214-BCB180F9FC2C}.Release|Any CPU.ActiveCfg = Release|Any CPU
		{33E2B0AD-5FD7-4D8C-A214-BCB180F9FC2C}.Release|Any CPU.Build.0 = Release|Any CPU
		{A1FF6EEF-61B4-41CC-A43B-5D95543FD511}.Debug|Any CPU.ActiveCfg = Debug|Any CPU
		{A1FF6EEF-61B4-41CC-A43B-5D95543FD511}.Debug|Any CPU.Build.0 = Debug|Any CPU
		{A1FF6EEF-61B4-41CC-A43B-5D95543FD511}.Release|Any CPU.ActiveCfg = Release|Any CPU
		{A1FF6EEF-61B4-41CC-A43B-5D95543FD511}.Release|Any CPU.Build.0 = Release|Any CPU
		{EBC84BC2-DBB8-48EB-B336-C7968B4FFBBC}.Debug|Any CPU.ActiveCfg = Debug|Any CPU
		{EBC84BC2-DBB8-48EB-B336-C7968B4FFBBC}.Debug|Any CPU.Build.0 = Debug|Any CPU
		{EBC84BC2-DBB8-48EB-B336-C7968B4FFBBC}.Release|Any CPU.ActiveCfg = Release|Any CPU
		{EBC84BC2-DBB8-48EB-B336-C7968B4FFBBC}.Release|Any CPU.Build.0 = Release|Any CPU
		{11E48057-BFA5-4AB7-942A-A8701D5D7335}.Debug|Any CPU.ActiveCfg = Debug|Any CPU
		{11E48057-BFA5-4AB7-942A-A8701D5D7335}.Debug|Any CPU.Build.0 = Debug|Any CPU
		{11E48057-BFA5-4AB7-942A-A8701D5D7335}.Release|Any CPU.ActiveCfg = Release|Any CPU
		{11E48057-BFA5-4AB7-942A-A8701D5D7335}.Release|Any CPU.Build.0 = Release|Any CPU
		{FFB54656-FA16-4C49-95AD-1D8312D37270}.Debug|Any CPU.ActiveCfg = Debug|Any CPU
		{FFB54656-FA16-4C49-95AD-1D8312D37270}.Debug|Any CPU.Build.0 = Debug|Any CPU
		{FFB54656-FA16-4C49-95AD-1D8312D37270}.Release|Any CPU.ActiveCfg = Release|Any CPU
		{FFB54656-FA16-4C49-95AD-1D8312D37270}.Release|Any CPU.Build.0 = Release|Any CPU
		{598D86DB-3054-4489-BFD3-22DE5D644940}.Debug|Any CPU.ActiveCfg = Debug|Any CPU
		{598D86DB-3054-4489-BFD3-22DE5D644940}.Debug|Any CPU.Build.0 = Debug|Any CPU
		{598D86DB-3054-4489-BFD3-22DE5D644940}.Release|Any CPU.ActiveCfg = Release|Any CPU
		{598D86DB-3054-4489-BFD3-22DE5D644940}.Release|Any CPU.Build.0 = Release|Any CPU
		{44E8EC5C-8271-4510-8CF2-04E6630AB4A5}.Debug|Any CPU.ActiveCfg = Debug|Any CPU
		{44E8EC5C-8271-4510-8CF2-04E6630AB4A5}.Debug|Any CPU.Build.0 = Debug|Any CPU
		{44E8EC5C-8271-4510-8CF2-04E6630AB4A5}.Release|Any CPU.ActiveCfg = Release|Any CPU
		{44E8EC5C-8271-4510-8CF2-04E6630AB4A5}.Release|Any CPU.Build.0 = Release|Any CPU
		{1B2EFBA7-C834-4C11-880B-C8B251CA96C8}.Debug|Any CPU.ActiveCfg = Debug|Any CPU
		{1B2EFBA7-C834-4C11-880B-C8B251CA96C8}.Debug|Any CPU.Build.0 = Debug|Any CPU
		{1B2EFBA7-C834-4C11-880B-C8B251CA96C8}.Release|Any CPU.ActiveCfg = Release|Any CPU
		{1B2EFBA7-C834-4C11-880B-C8B251CA96C8}.Release|Any CPU.Build.0 = Release|Any CPU
	EndGlobalSection
	GlobalSection(SolutionProperties) = preSolution
		HideSolutionNode = FALSE
	EndGlobalSection
	GlobalSection(ExtensibilityGlobals) = postSolution
		SolutionGuid = {52F47229-E2BA-4B94-BEE1-8E901A96342C}
	EndGlobalSection
	GlobalSection(NestedProjects) = preSolution
		{B721C365-ECE2-4C34-BC09-17ABA7664F39} = {29C2B407-10C2-4D86-ABB2-2B47B08B67DC}
		{B2E621BF-9565-4508-9149-CCF5F0684DB2} = {29C2B407-10C2-4D86-ABB2-2B47B08B67DC}
		{593A86E5-D880-4B48-BA20-E48F6CC6120B} = {29C2B407-10C2-4D86-ABB2-2B47B08B67DC}
		{B50A7F48-B636-4A33-B2AA-30E5FCF1074A} = {29C2B407-10C2-4D86-ABB2-2B47B08B67DC}
		{33E2B0AD-5FD7-4D8C-A214-BCB180F9FC2C} = {4C55AF8F-EDBA-4613-A4AF-FCF5F8FEDDAC}
		{A1FF6EEF-61B4-41CC-A43B-5D95543FD511} = {4C55AF8F-EDBA-4613-A4AF-FCF5F8FEDDAC}
		{EBC84BC2-DBB8-48EB-B336-C7968B4FFBBC} = {4C55AF8F-EDBA-4613-A4AF-FCF5F8FEDDAC}
		{11E48057-BFA5-4AB7-942A-A8701D5D7335} = {DD510FF3-DA83-4279-8B20-669B776BDC54}
		{FFB54656-FA16-4C49-95AD-1D8312D37270} = {DD510FF3-DA83-4279-8B20-669B776BDC54}
		{598D86DB-3054-4489-BFD3-22DE5D644940} = {DD510FF3-DA83-4279-8B20-669B776BDC54}
		{44E8EC5C-8271-4510-8CF2-04E6630AB4A5} = {DD510FF3-DA83-4279-8B20-669B776BDC54}
		{1B2EFBA7-C834-4C11-880B-C8B251CA96C8} = {442A9265-0721-430F-8358-917EE8C913DA}
	EndGlobalSection
EndGlobal
