
Microsoft Visual Studio Solution File, Format Version 12.00
# Visual Studio Version 17
VisualStudioVersion = 17.14.36202.13 d17.14
MinimumVisualStudioVersion = 10.0.40219.1
Project("{FAE04EC0-301F-11D3-BF4B-00C04F79EFBC}") = "CurrencyUpdaterService.Worker", "CurrencyUpdaterService.Worker\CurrencyUpdaterService.Worker.csproj", "{B721C365-ECE2-4C34-BC09-17ABA7664F39}"
EndProject
Project("{2150E333-8FDC-42A3-9474-1A3956D46DE8}") = "CurrencyUpdaterService", "CurrencyUpdaterService", "{29C2B407-10C2-4D86-ABB2-2B47B08B67DC}"
EndProject
Project("{FAE04EC0-301F-11D3-BF4B-00C04F79EFBC}") = "CurrencyUpdaterService.Infrastructure", "CurrencyUpdaterService.Infrastructure\CurrencyUpdaterService.Infrastructure.csproj", "{B2E621BF-9565-4508-9149-CCF5F0684DB2}"
EndProject
Global
	GlobalSection(SolutionConfigurationPlatforms) = preSolution
		Debug|Any CPU = Debug|Any CPU
		Release|Any CPU = Release|Any CPU
	EndGlobalSection
	GlobalSection(ProjectConfigurationPlatforms) = postSolution
		{B721C365-ECE2-4C34-BC09-17ABA7664F39}.Debug|Any CPU.ActiveCfg = Debug|Any CPU
		{B721C365-ECE2-4C34-BC09-17ABA7664F39}.Debug|Any CPU.Build.0 = Debug|Any CPU
		{B721C365-ECE2-4C34-BC09-17ABA7664F39}.Release|Any CPU.ActiveCfg = Release|Any CPU
		{B721C365-ECE2-4C34-BC09-17ABA7664F39}.Release|Any CPU.Build.0 = Release|Any CPU
		{B2E621BF-9565-4508-9149-CCF5F0684DB2}.Debug|Any CPU.ActiveCfg = Debug|Any CPU
		{B2E621BF-9565-4508-9149-CCF5F0684DB2}.Debug|Any CPU.Build.0 = Debug|Any CPU
		{B2E621BF-9565-4508-9149-CCF5F0684DB2}.Release|Any CPU.ActiveCfg = Release|Any CPU
		{B2E621BF-9565-4508-9149-CCF5F0684DB2}.Release|Any CPU.Build.0 = Release|Any CPU
	EndGlobalSection
	GlobalSection(SolutionProperties) = preSolution
		HideSolutionNode = FALSE
	EndGlobalSection
	GlobalSection(ExtensibilityGlobals) = postSolution
		SolutionGuid = {52F47229-E2BA-4B94-BEE1-8E901A96342C}
	EndGlobalSection
	GlobalSection(NestedProjects) = preSolution
		{B721C365-ECE2-4C34-BC09-17ABA7664F39} = {29C2B407-10C2-4D86-ABB2-2B47B08B67DC}
		{B2E621BF-9565-4508-9149-CCF5F0684DB2} = {29C2B407-10C2-4D86-ABB2-2B47B08B67DC}
	EndGlobalSection
EndGlobal
